
Microsoft Visual Studio Solution File, Format Version 12.00
# Visual Studio Version 17
VisualStudioVersion = 17.13.35825.156
MinimumVisualStudioVersion = 10.0.40219.1
Project("{FAE04EC0-301F-11D3-BF4B-00C04F79EFBC}") = "ComboSearch", "ComboSearch\ComboSearch.csproj", "{6EC42AD1-FBAF-4B47-B9CE-FB314564CAFA}"
EndProject
Project("{2150E333-8FDC-42A3-9474-1A3956D46DE8}") = "ソリューション項目", "ソリューション項目", "{2022CB0F-8BAF-F49E-0C48-8EF4C96EC109}"
	ProjectSection(SolutionItems) = preProject
		Tag.cs = Tag.cs
	EndProjectSection
EndProject
Global
	GlobalSection(SolutionConfigurationPlatforms) = preSolution
		Debug|Any CPU = Debug|Any CPU
		Release|Any CPU = Release|Any CPU
	EndGlobalSection
	GlobalSection(ProjectConfigurationPlatforms) = postSolution
		{6EC42AD1-FBAF-4B47-B9CE-FB314564CAFA}.Debug|Any CPU.ActiveCfg = Debug|Any CPU
		{6EC42AD1-FBAF-4B47-B9CE-FB314564CAFA}.Debug|Any CPU.Build.0 = Debug|Any CPU
		{6EC42AD1-FBAF-4B47-B9CE-FB314564CAFA}.Release|Any CPU.ActiveCfg = Release|Any CPU
		{6EC42AD1-FBAF-4B47-B9CE-FB314564CAFA}.Release|Any CPU.Build.0 = Release|Any CPU
	EndGlobalSection
	GlobalSection(SolutionProperties) = preSolution
		HideSolutionNode = FALSE
	EndGlobalSection
	GlobalSection(ExtensibilityGlobals) = postSolution
		SolutionGuid = {44647D05-4D89-4DDE-9524-2C78FEB9152A}
	EndGlobalSection
EndGlobal
